
Microsoft Visual Studio Solution File, Format Version 12.00
# Visual Studio Version 17
VisualStudioVersion = 17.2.32602.215
MinimumVisualStudioVersion = 10.0.40219.1
Project("{FAE04EC0-301F-11D3-BF4B-00C04F79EFBC}") = "TextCrypt", "TextCrypt\TextCrypt.csproj", "{E47F7584-81DF-4F0C-8112-373F39DD583B}"
EndProject
Global
	GlobalSection(SolutionConfigurationPlatforms) = preSolution
		Debug|Any CPU = Debug|Any CPU
		Release|Any CPU = Release|Any CPU
	EndGlobalSection
	GlobalSection(ProjectConfigurationPlatforms) = postSolution
		{E47F7584-81DF-4F0C-8112-373F39DD583B}.Debug|Any CPU.ActiveCfg = Debug|Any CPU
		{E47F7584-81DF-4F0C-8112-373F39DD583B}.Debug|Any CPU.Build.0 = Debug|Any CPU
		{E47F7584-81DF-4F0C-8112-373F39DD583B}.Release|Any CPU.ActiveCfg = Release|Any CPU
		{E47F7584-81DF-4F0C-8112-373F39DD583B}.Release|Any CPU.Build.0 = Release|Any CPU
	EndGlobalSection
	GlobalSection(SolutionProperties) = preSolution
		HideSolutionNode = FALSE
	EndGlobalSection
	GlobalSection(ExtensibilityGlobals) = postSolution
		SolutionGuid = {717830EA-4623-4F87-94C9-8D69BB056C94}
	EndGlobalSection
EndGlobal
